
Microsoft Visual Studio Solution File, Format Version 9.00
# Visual Studio 2005
Project("{FAE04EC0-301F-11D3-BF4B-00C04F79EFBC}") = "GitProject", "GitProject\GitProject.csproj", "{B01390D8-3509-486F-B243-DF93269CCC85}"
EndProject
Global
	GlobalSection(SolutionConfigurationPlatforms) = preSolution
		Debug|Any CPU = Debug|Any CPU
		Release|Any CPU = Release|Any CPU
	EndGlobalSection
	GlobalSection(ProjectConfigurationPlatforms) = postSolution
		{B01390D8-3509-486F-B243-DF93269CCC85}.Debug|Any CPU.ActiveCfg = Debug|Any CPU
		{B01390D8-3509-486F-B243-DF93269CCC85}.Debug|Any CPU.Build.0 = Debug|Any CPU
		{B01390D8-3509-486F-B243-DF93269CCC85}.Release|Any CPU.ActiveCfg = Release|Any CPU
		{B01390D8-3509-486F-B243-DF93269CCC85}.Release|Any CPU.Build.0 = Release|Any CPU
	EndGlobalSection
	GlobalSection(SolutionProperties) = preSolution
		HideSolutionNode = FALSE
	EndGlobalSection
EndGlobal
